// !$*UTF8*$!
{
	archiveVersion = 1;
	classes = {
	};
	objectVersion = 46;
	objects = {

/* Begin PBXBuildFile section */
		75AFD23A1F49907300771721 /* TtroExpandableTableView.h in Headers */ = {isa = PBXBuildFile; fileRef = 75AFD2381F49907300771721 /* TtroExpandableTableView.h */; settings = {ATTRIBUTES = (Public, ); }; };
		75AFD2411F4990B100771721 /* TtroExpandableTableViewCell.swift in Sources */ = {isa = PBXBuildFile; fileRef = 75AFD2401F4990B100771721 /* TtroExpandableTableViewCell.swift */; };
		75AFD2431F4990C700771721 /* TtroExpandedTableViewCell.swift in Sources */ = {isa = PBXBuildFile; fileRef = 75AFD2421F4990C700771721 /* TtroExpandedTableViewCell.swift */; };
		75AFD2451F49913600771721 /* TtroExpandableTableView.swift in Sources */ = {isa = PBXBuildFile; fileRef = 75AFD2441F49913600771721 /* TtroExpandableTableView.swift */; };
		8DC152DF92196FA2047F9152 /* Pods_TtroExpandableTableView.framework in Frameworks */ = {isa = PBXBuildFile; fileRef = 193F8F31FD687498A9DA581D /* Pods_TtroExpandableTableView.framework */; };
/* End PBXBuildFile section */

/* Begin PBXFileReference section */
		193F8F31FD687498A9DA581D /* Pods_TtroExpandableTableView.framework */ = {isa = PBXFileReference; explicitFileType = wrapper.framework; includeInIndex = 0; path = Pods_TtroExpandableTableView.framework; sourceTree = BUILT_PRODUCTS_DIR; };
		75AFD2351F49907300771721 /* TtroExpandableTableView.framework */ = {isa = PBXFileReference; explicitFileType = wrapper.framework; includeInIndex = 0; path = TtroExpandableTableView.framework; sourceTree = BUILT_PRODUCTS_DIR; };
		75AFD2381F49907300771721 /* TtroExpandableTableView.h */ = {isa = PBXFileReference; lastKnownFileType = sourcecode.c.h; path = TtroExpandableTableView.h; sourceTree = "<group>"; };
		75AFD2391F49907300771721 /* Info.plist */ = {isa = PBXFileReference; lastKnownFileType = text.plist.xml; path = Info.plist; sourceTree = "<group>"; };
		75AFD2401F4990B100771721 /* TtroExpandableTableViewCell.swift */ = {isa = PBXFileReference; fileEncoding = 4; lastKnownFileType = sourcecode.swift; path = TtroExpandableTableViewCell.swift; sourceTree = "<group>"; };
		75AFD2421F4990C700771721 /* TtroExpandedTableViewCell.swift */ = {isa = PBXFileReference; fileEncoding = 4; lastKnownFileType = sourcecode.swift; path = TtroExpandedTableViewCell.swift; sourceTree = "<group>"; };
		75AFD2441F49913600771721 /* TtroExpandableTableView.swift */ = {isa = PBXFileReference; fileEncoding = 4; lastKnownFileType = sourcecode.swift; path = TtroExpandableTableView.swift; sourceTree = "<group>"; };
		CF42AED0C2751FBADF1D56C2 /* Pods-TtroExpandableTableView.debug.xcconfig */ = {isa = PBXFileReference; includeInIndex = 1; lastKnownFileType = text.xcconfig; name = "Pods-TtroExpandableTableView.debug.xcconfig"; path = "Pods/Target Support Files/Pods-TtroExpandableTableView/Pods-TtroExpandableTableView.debug.xcconfig"; sourceTree = "<group>"; };
		D302FB5DEC1656E4B6821E9C /* Pods-TtroExpandableTableView.release.xcconfig */ = {isa = PBXFileReference; includeInIndex = 1; lastKnownFileType = text.xcconfig; name = "Pods-TtroExpandableTableView.release.xcconfig"; path = "Pods/Target Support Files/Pods-TtroExpandableTableView/Pods-TtroExpandableTableView.release.xcconfig"; sourceTree = "<group>"; };
/* End PBXFileReference section */

/* Begin PBXFrameworksBuildPhase section */
		75AFD2311F49907300771721 /* Frameworks */ = {
			isa = PBXFrameworksBuildPhase;
			buildActionMask = 2147483647;
			files = (
				8DC152DF92196FA2047F9152 /* Pods_TtroExpandableTableView.framework in Frameworks */,
			);
			runOnlyForDeploymentPostprocessing = 0;
		};
/* End PBXFrameworksBuildPhase section */

/* Begin PBXGroup section */
		75AFD22B1F49907300771721 = {
			isa = PBXGroup;
			children = (
				75AFD2371F49907300771721 /* TtroExpandableTableView */,
				75AFD2361F49907300771721 /* Products */,
				F6C644D7DF6C54FA17D83C7B /* Pods */,
				A64E4DE7F7AA65F2EF68BC6B /* Frameworks */,
			);
			sourceTree = "<group>";
		};
		75AFD2361F49907300771721 /* Products */ = {
			isa = PBXGroup;
			children = (
				75AFD2351F49907300771721 /* TtroExpandableTableView.framework */,
			);
			name = Products;
			sourceTree = "<group>";
		};
		75AFD2371F49907300771721 /* TtroExpandableTableView */ = {
			isa = PBXGroup;
			children = (
				75AFD2381F49907300771721 /* TtroExpandableTableView.h */,
				75AFD2391F49907300771721 /* Info.plist */,
				75AFD2401F4990B100771721 /* TtroExpandableTableViewCell.swift */,
				75AFD2421F4990C700771721 /* TtroExpandedTableViewCell.swift */,
				75AFD2441F49913600771721 /* TtroExpandableTableView.swift */,
			);
			path = TtroExpandableTableView;
			sourceTree = "<group>";
		};
		A64E4DE7F7AA65F2EF68BC6B /* Frameworks */ = {
			isa = PBXGroup;
			children = (
				193F8F31FD687498A9DA581D /* Pods_TtroExpandableTableView.framework */,
			);
			name = Frameworks;
			sourceTree = "<group>";
		};
		F6C644D7DF6C54FA17D83C7B /* Pods */ = {
			isa = PBXGroup;
			children = (
				CF42AED0C2751FBADF1D56C2 /* Pods-TtroExpandableTableView.debug.xcconfig */,
				D302FB5DEC1656E4B6821E9C /* Pods-TtroExpandableTableView.release.xcconfig */,
			);
			name = Pods;
			sourceTree = "<group>";
		};
/* End PBXGroup section */

/* Begin PBXHeadersBuildPhase section */
		75AFD2321F49907300771721 /* Headers */ = {
			isa = PBXHeadersBuildPhase;
			buildActionMask = 2147483647;
			files = (
				75AFD23A1F49907300771721 /* TtroExpandableTableView.h in Headers */,
			);
			runOnlyForDeploymentPostprocessing = 0;
		};
/* End PBXHeadersBuildPhase section */

/* Begin PBXNativeTarget section */
		75AFD2341F49907300771721 /* TtroExpandableTableView */ = {
			isa = PBXNativeTarget;
			buildConfigurationList = 75AFD23D1F49907300771721 /* Build configuration list for PBXNativeTarget "TtroExpandableTableView" */;
			buildPhases = (
				51B61A2BC05FA5148ADB12D9 /* [CP] Check Pods Manifest.lock */,
				75AFD2301F49907300771721 /* Sources */,
				75AFD2311F49907300771721 /* Frameworks */,
				75AFD2321F49907300771721 /* Headers */,
				75AFD2331F49907300771721 /* Resources */,
			);
			buildRules = (
			);
			dependencies = (
			);
			name = TtroExpandableTableView;
			productName = TtroExpandableTableView;
			productReference = 75AFD2351F49907300771721 /* TtroExpandableTableView.framework */;
			productType = "com.apple.product-type.framework";
		};
/* End PBXNativeTarget section */

/* Begin PBXProject section */
		75AFD22C1F49907300771721 /* Project object */ = {
			isa = PBXProject;
			attributes = {
				LastUpgradeCheck = 0830;
				ORGANIZATIONNAME = ParsPay;
				TargetAttributes = {
					75AFD2341F49907300771721 = {
						CreatedOnToolsVersion = 8.3.2;
						DevelopmentTeam = F53V3ZJV96;
						LastSwiftMigration = 0930;
						ProvisioningStyle = Automatic;
					};
				};
			};
			buildConfigurationList = 75AFD22F1F49907300771721 /* Build configuration list for PBXProject "TtroExpandableTableView" */;
			compatibilityVersion = "Xcode 3.2";
			developmentRegion = English;
			hasScannedForEncodings = 0;
			knownRegions = (
				en,
			);
			mainGroup = 75AFD22B1F49907300771721;
			productRefGroup = 75AFD2361F49907300771721 /* Products */;
			projectDirPath = "";
			projectRoot = "";
			targets = (
				75AFD2341F49907300771721 /* TtroExpandableTableView */,
			);
		};
/* End PBXProject section */

/* Begin PBXResourcesBuildPhase section */
		75AFD2331F49907300771721 /* Resources */ = {
			isa = PBXResourcesBuildPhase;
			buildActionMask = 2147483647;
			files = (
			);
			runOnlyForDeploymentPostprocessing = 0;
		};
/* End PBXResourcesBuildPhase section */

/* Begin PBXShellScriptBuildPhase section */
		51B61A2BC05FA5148ADB12D9 /* [CP] Check Pods Manifest.lock */ = {
			isa = PBXShellScriptBuildPhase;
			buildActionMask = 2147483647;
			files = (
			);
			inputPaths = (
				"${PODS_PODFILE_DIR_PATH}/Podfile.lock",
				"${PODS_ROOT}/Manifest.lock",
			);
			name = "[CP] Check Pods Manifest.lock";
			outputPaths = (
				"$(DERIVED_FILE_DIR)/Pods-TtroExpandableTableView-checkManifestLockResult.txt",
			);
			runOnlyForDeploymentPostprocessing = 0;
			shellPath = /bin/sh;
			shellScript = "diff \"${PODS_PODFILE_DIR_PATH}/Podfile.lock\" \"${PODS_ROOT}/Manifest.lock\" > /dev/null\nif [ $? != 0 ] ; then\n    # print error to STDERR\n    echo \"error: The sandbox is not in sync with the Podfile.lock. Run 'pod install' or update your CocoaPods installation.\" >&2\n    exit 1\nfi\n# This output is used by Xcode 'outputs' to avoid re-running this script phase.\necho \"SUCCESS\" > \"${SCRIPT_OUTPUT_FILE_0}\"\n";
			showEnvVarsInLog = 0;
		};
/* End PBXShellScriptBuildPhase section */

/* Begin PBXSourcesBuildPhase section */
		75AFD2301F49907300771721 /* Sources */ = {
			isa = PBXSourcesBuildPhase;
			buildActionMask = 2147483647;
			files = (
				75AFD2411F4990B100771721 /* TtroExpandableTableViewCell.swift in Sources */,
				75AFD2451F49913600771721 /* TtroExpandableTableView.swift in Sources */,
				75AFD2431F4990C700771721 /* TtroExpandedTableViewCell.swift in Sources */,
			);
			runOnlyForDeploymentPostprocessing = 0;
		};
/* End PBXSourcesBuildPhase section */

/* Begin XCBuildConfiguration section */
		75AFD23B1F49907300771721 /* Debug */ = {
			isa = XCBuildConfiguration;
			buildSettings = {
				ALWAYS_SEARCH_USER_PATHS = NO;
				CLANG_ANALYZER_NONNULL = YES;
				CLANG_ANALYZER_NUMBER_OBJECT_CONVERSION = YES_AGGRESSIVE;
				CLANG_CXX_LANGUAGE_STANDARD = "gnu++0x";
				CLANG_CXX_LIBRARY = "libc++";
				CLANG_ENABLE_MODULES = YES;
				CLANG_ENABLE_OBJC_ARC = YES;
				CLANG_WARN_BOOL_CONVERSION = YES;
				CLANG_WARN_CONSTANT_CONVERSION = YES;
				CLANG_WARN_DIRECT_OBJC_ISA_USAGE = YES_ERROR;
				CLANG_WARN_DOCUMENTATION_COMMENTS = YES;
				CLANG_WARN_EMPTY_BODY = YES;
				CLANG_WARN_ENUM_CONVERSION = YES;
				CLANG_WARN_INFINITE_RECURSION = YES;
				CLANG_WARN_INT_CONVERSION = YES;
				CLANG_WARN_OBJC_ROOT_CLASS = YES_ERROR;
				CLANG_WARN_SUSPICIOUS_MOVE = YES;
				CLANG_WARN_UNREACHABLE_CODE = YES;
				CLANG_WARN__DUPLICATE_METHOD_MATCH = YES;
				"CODE_SIGN_IDENTITY[sdk=iphoneos*]" = "iPhone Developer";
				COPY_PHASE_STRIP = NO;
				CURRENT_PROJECT_VERSION = 1;
				DEBUG_INFORMATION_FORMAT = dwarf;
				ENABLE_STRICT_OBJC_MSGSEND = YES;
				ENABLE_TESTABILITY = YES;
				GCC_C_LANGUAGE_STANDARD = gnu99;
				GCC_DYNAMIC_NO_PIC = NO;
				GCC_NO_COMMON_BLOCKS = YES;
				GCC_OPTIMIZATION_LEVEL = 0;
				GCC_PREPROCESSOR_DEFINITIONS = (
					"DEBUG=1",
					"$(inherited)",
				);
				GCC_WARN_64_TO_32_BIT_CONVERSION = YES;
				GCC_WARN_ABOUT_RETURN_TYPE = YES_ERROR;
				GCC_WARN_UNDECLARED_SELECTOR = YES;
				GCC_WARN_UNINITIALIZED_AUTOS = YES_AGGRESSIVE;
				GCC_WARN_UNUSED_FUNCTION = YES;
				GCC_WARN_UNUSED_VARIABLE = YES;
				IPHONEOS_DEPLOYMENT_TARGET = 10.3;
				MTL_ENABLE_DEBUG_INFO = YES;
				ONLY_ACTIVE_ARCH = YES;
				SDKROOT = iphoneos;
				SWIFT_ACTIVE_COMPILATION_CONDITIONS = DEBUG;
				SWIFT_OPTIMIZATION_LEVEL = "-Onone";
				TARGETED_DEVICE_FAMILY = "1,2";
				VERSIONING_SYSTEM = "apple-generic";
				VERSION_INFO_PREFIX = "";
			};
			name = Debug;
		};
		75AFD23C1F49907300771721 /* Release */ = {
			isa = XCBuildConfiguration;
			buildSettings = {
				ALWAYS_SEARCH_USER_PATHS = NO;
				CLANG_ANALYZER_NONNULL = YES;
				CLANG_ANALYZER_NUMBER_OBJECT_CONVERSION = YES_AGGRESSIVE;
				CLANG_CXX_LANGUAGE_STANDARD = "gnu++0x";
				CLANG_CXX_LIBRARY = "libc++";
				CLANG_ENABLE_MODULES = YES;
				CLANG_ENABLE_OBJC_ARC = YES;
				CLANG_WARN_BOOL_CONVERSION = YES;
				CLANG_WARN_CONSTANT_CONVERSION = YES;
				CLANG_WARN_DIRECT_OBJC_ISA_USAGE = YES_ERROR;
				CLANG_WARN_DOCUMENTATION_COMMENTS = YES;
				CLANG_WARN_EMPTY_BODY = YES;
				CLANG_WARN_ENUM_CONVERSION = YES;
				CLANG_WARN_INFINITE_RECURSION = YES;
				CLANG_WARN_INT_CONVERSION = YES;
				CLANG_WARN_OBJC_ROOT_CLASS = YES_ERROR;
				CLANG_WARN_SUSPICIOUS_MOVE = YES;
				CLANG_WARN_UNREACHABLE_CODE = YES;
				CLANG_WARN__DUPLICATE_METHOD_MATCH = YES;
				"CODE_SIGN_IDENTITY[sdk=iphoneos*]" = "iPhone Developer";
				COPY_PHASE_STRIP = NO;
				CURRENT_PROJECT_VERSION = 1;
				DEBUG_INFORMATION_FORMAT = "dwarf-with-dsym";
				ENABLE_NS_ASSERTIONS = NO;
				ENABLE_STRICT_OBJC_MSGSEND = YES;
				GCC_C_LANGUAGE_STANDARD = gnu99;
				GCC_NO_COMMON_BLOCKS = YES;
				GCC_WARN_64_TO_32_BIT_CONVERSION = YES;
				GCC_WARN_ABOUT_RETURN_TYPE = YES_ERROR;
				GCC_WARN_UNDECLARED_SELECTOR = YES;
				GCC_WARN_UNINITIALIZED_AUTOS = YES_AGGRESSIVE;
				GCC_WARN_UNUSED_FUNCTION = YES;
				GCC_WARN_UNUSED_VARIABLE = YES;
				IPHONEOS_DEPLOYMENT_TARGET = 10.3;
				MTL_ENABLE_DEBUG_INFO = NO;
				SDKROOT = iphoneos;
				SWIFT_OPTIMIZATION_LEVEL = "-Owholemodule";
				TARGETED_DEVICE_FAMILY = "1,2";
				VALIDATE_PRODUCT = YES;
				VERSIONING_SYSTEM = "apple-generic";
				VERSION_INFO_PREFIX = "";
			};
			name = Release;
		};
		75AFD23E1F49907300771721 /* Debug */ = {
			isa = XCBuildConfiguration;
			baseConfigurationReference = CF42AED0C2751FBADF1D56C2 /* Pods-TtroExpandableTableView.debug.xcconfig */;
			buildSettings = {
				CLANG_ENABLE_MODULES = YES;
				CODE_SIGN_IDENTITY = "";
				DEFINES_MODULE = YES;
				DEVELOPMENT_TEAM = F53V3ZJV96;
				DYLIB_COMPATIBILITY_VERSION = 1;
				DYLIB_CURRENT_VERSION = 1;
				DYLIB_INSTALL_NAME_BASE = "@rpath";
				INFOPLIST_FILE = TtroExpandableTableView/Info.plist;
				INSTALL_PATH = "$(LOCAL_LIBRARY_DIR)/Frameworks";
				IPHONEOS_DEPLOYMENT_TARGET = 10.0;
				LD_RUNPATH_SEARCH_PATHS = "$(inherited) @executable_path/Frameworks @loader_path/Frameworks";
				PRODUCT_BUNDLE_IDENTIFIER = ParsPay.TtroExpandableTableView;
				PRODUCT_NAME = "$(TARGET_NAME)";
				SKIP_INSTALL = YES;
				SWIFT_OPTIMIZATION_LEVEL = "-Onone";
				SWIFT_SWIFT3_OBJC_INFERENCE = On;
				SWIFT_VERSION = 4.0;
			};
			name = Debug;
		};
		75AFD23F1F49907300771721 /* Release */ = {
			isa = XCBuildConfiguration;
			baseConfigurationReference = D302FB5DEC1656E4B6821E9C /* Pods-TtroExpandableTableView.release.xcconfig */;
			buildSettings = {
				CLANG_ENABLE_MODULES = YES;
				CODE_SIGN_IDENTITY = "";
				DEFINES_MODULE = YES;
				DEVELOPMENT_TEAM = F53V3ZJV96;
				DYLIB_COMPATIBILITY_VERSION = 1;
				DYLIB_CURRENT_VERSION = 1;
				DYLIB_INSTALL_NAME_BASE = "@rpath";
				INFOPLIST_FILE = TtroExpandableTableView/Info.plist;
				INSTALL_PATH = "$(LOCAL_LIBRARY_DIR)/Frameworks";
				IPHONEOS_DEPLOYMENT_TARGET = 10.0;
				LD_RUNPATH_SEARCH_PATHS = "$(inherited) @executable_path/Frameworks @loader_path/Frameworks";
				PRODUCT_BUNDLE_IDENTIFIER = ParsPay.TtroExpandableTableView;
				PRODUCT_NAME = "$(TARGET_NAME)";
				SKIP_INSTALL = YES;
				SWIFT_SWIFT3_OBJC_INFERENCE = On;
				SWIFT_VERSION = 4.0;
			};
			name = Release;
		};
/* End XCBuildConfiguration section */

/* Begin XCConfigurationList section */
		75AFD22F1F49907300771721 /* Build configuration list for PBXProject "TtroExpandableTableView" */ = {
			isa = XCConfigurationList;
			buildConfigurations = (
				75AFD23B1F49907300771721 /* Debug */,
				75AFD23C1F49907300771721 /* Release */,
			);
			defaultConfigurationIsVisible = 0;
			defaultConfigurationName = Release;
		};
		75AFD23D1F49907300771721 /* Build configuration list for PBXNativeTarget "TtroExpandableTableView" */ = {
			isa = XCConfigurationList;
			buildConfigurations = (
				75AFD23E1F49907300771721 /* Debug */,
				75AFD23F1F49907300771721 /* Release */,
			);
			defaultConfigurationIsVisible = 0;
			defaultConfigurationName = Release;
		};
/* End XCConfigurationList section */
	};
	rootObject = 75AFD22C1F49907300771721 /* Project object */;
}
